
Microsoft Visual Studio Solution File, Format Version 12.00
# Visual Studio 15
VisualStudioVersion = 15.0.27004.2005
MinimumVisualStudioVersion = 10.0.40219.1
Project("{8BC9CEB8-8B4A-11D0-8D11-00A0C91BC942}") = "Proiect", "Proiect\Proiect.vcxproj", "{17D6DB11-EA3F-4D49-AEBA-88D9AFE933A9}"
EndProject
Global
	GlobalSection(SolutionConfigurationPlatforms) = preSolution
		Debug|x64 = Debug|x64
		Debug|x86 = Debug|x86
		Release|x64 = Release|x64
		Release|x86 = Release|x86
	EndGlobalSection
	GlobalSection(ProjectConfigurationPlatforms) = postSolution
		{17D6DB11-EA3F-4D49-AEBA-88D9AFE933A9}.Debug|x64.ActiveCfg = Debug|x64
		{17D6DB11-EA3F-4D49-AEBA-88D9AFE933A9}.Debug|x64.Build.0 = Debug|x64
		{17D6DB11-EA3F-4D49-AEBA-88D9AFE933A9}.Debug|x86.ActiveCfg = Debug|Win32
		{17D6DB11-EA3F-4D49-AEBA-88D9AFE933A9}.Debug|x86.Build.0 = Debug|Win32
		{17D6DB11-EA3F-4D49-AEBA-88D9AFE933A9}.Release|x64.ActiveCfg = Release|x64
		{17D6DB11-EA3F-4D49-AEBA-88D9AFE933A9}.Release|x64.Build.0 = Release|x64
		{17D6DB11-EA3F-4D49-AEBA-88D9AFE933A9}.Release|x86.ActiveCfg = Release|Win32
		{17D6DB11-EA3F-4D49-AEBA-88D9AFE933A9}.Release|x86.Build.0 = Release|Win32
	EndGlobalSection
	GlobalSection(SolutionProperties) = preSolution
		HideSolutionNode = FALSE
	EndGlobalSection
	GlobalSection(ExtensibilityGlobals) = postSolution
		SolutionGuid = {4993F60E-1CC4-41E3-82CB-4887710F206E}
	EndGlobalSection
EndGlobal
